
Microsoft Visual Studio Solution File, Format Version 12.00
# Visual Studio Version 17
VisualStudioVersion = 17.6.33723.286
MinimumVisualStudioVersion = 10.0.40219.1
Project("{FAE04EC0-301F-11D3-BF4B-00C04F79EFBC}") = "SportsconnectAPI", "SportsconnectAPI\SportsconnectAPI.csproj", "{CAFBD3A8-75BE-45A5-824F-F02F8C06469A}"
EndProject
Global
	GlobalSection(SolutionConfigurationPlatforms) = preSolution
		Debug|Any CPU = Debug|Any CPU
		Release|Any CPU = Release|Any CPU
	EndGlobalSection
	GlobalSection(ProjectConfigurationPlatforms) = postSolution
		{CAFBD3A8-75BE-45A5-824F-F02F8C06469A}.Debug|Any CPU.ActiveCfg = Debug|Any CPU
		{CAFBD3A8-75BE-45A5-824F-F02F8C06469A}.Debug|Any CPU.Build.0 = Debug|Any CPU
		{CAFBD3A8-75BE-45A5-824F-F02F8C06469A}.Release|Any CPU.ActiveCfg = Release|Any CPU
		{CAFBD3A8-75BE-45A5-824F-F02F8C06469A}.Release|Any CPU.Build.0 = Release|Any CPU
	EndGlobalSection
	GlobalSection(SolutionProperties) = preSolution
		HideSolutionNode = FALSE
	EndGlobalSection
	GlobalSection(ExtensibilityGlobals) = postSolution
		SolutionGuid = {ED9DE511-E90F-45E9-9662-EA495A5717FF}
	EndGlobalSection
EndGlobal
